{
  "name": "demo-app",
  "version": "1.0.0",
  "lockfileVersion": 3,
  "requires": true,
  "dependencies": {
    "express": "^4.18.0"
  },
  "packages": {
    "": {
      "name": "demo-app",
      "version": "1.0.0",
      "dependencies": {
        "express": "^4.18.0"
      }
    },
    "node_modules/express": {
      "version": "4.18.2",
      "license": "MIT",
      "dependencies": {
        "body-parser": "1.20.1",
        "qs": "6.5.2"
      }
    },
    "node_modules/express/node_modules/qs": {
      "version": "6.5.2",
      "license": "BSD-3-Clause"
    },
    "node_modules/body-parser": {
      "version": "1.20.1",
      "license": "MIT",
      "dependencies": {
        "qs": "6.5.2"
      }
    },
    "node_modules/qs": {
      "version": "6.11.0",
      "license": "BSD-3-Clause"
    },
    "node_modules/accepts": {
      "version": "1.3.8",
      "license": "MIT"
    },
    "node_modules/mime-types": {
      "version": "2.1.35",
      "license": "MIT"
    },
    "node_modules/debug": {
      "version": "2.6.9",
      "license": "MIT"
    }
  }
}
