{
  "name": "nested-demo",
  "version": "1.0.0",
  "lockfileVersion": 3,
  "requires": true,
  "packages": {
    "": {
      "name": "nested-demo",
      "version": "1.0.0",
      "dependencies": {
        "express": "^4.18.0"
      }
    },
    "node_modules/express": {
      "version": "4.18.2",
      "resolved": "https://registry.npmjs.org/express/-/express-4.18.2.tgz",
      "integrity": "sha512-N/4iJf6P1J2NqQ8xkZ2H0oQ0kQ8x0kQ0kQ0kQ0kQ0kQ0kQ0kQ0kQ0kQ0kQ0kQ0kQ0kQ==",
      "license": "MIT",
      "dependencies": {
        "body-parser": "1.20.1",
        "qs": "6.11.0"
      }
    },
    "node_modules/express/node_modules/qs": {
      "version": "6.5.2",
      "resolved": "https://registry.npmjs.org/qs/-/qs-6.5.2.tgz",
      "integrity": "sha512-xBAQTQ5jZaP4Tg2A0kQ0kQ0kQ0kQ0kQ0kQ0kQ0kQ0kQ0kQ0kQ0kQ0kQ0kQ0kQ0kQ0kQ0kQ0kQ0kQ==",
      "license": "BSD-3-Clause"
    },
    "node_modules/body-parser": {
      "version": "1.20.1",
      "resolved": "https://registry.npmjs.org/body-parser/-/body-parser-1.20.1.tgz",
      "integrity": "sha512-Q4tF8xk0kQ0kQ0kQ0kQ0kQ0kQ0kQ0kQ0kQ0kQ0kQ0kQ0kQ0kQ0kQ0kQ0kQ0kQ0kQ0kQ0kQ==",
      "license": "MIT",
      "dependencies": {
        "qs": "6.11.0"
      }
    },
    "node_modules/qs": {
      "version": "6.11.0",
      "resolved": "https://registry.npmjs.org/qs/-/qs-6.11.0.tgz",
      "integrity": "sha512-a0mI0kQ0kQ0kQ0kQ0kQ0kQ0kQ0kQ0kQ0kQ0kQ0kQ0kQ0kQ0kQ0kQ0kQ0kQ0kQ0kQ0kQ==",
      "license": "BSD-3-Clause"
    }
  }
}
